
Microsoft Visual Studio Solution File, Format Version 12.00
# Visual Studio Version 17
VisualStudioVersion = 17.2.32519.379
MinimumVisualStudioVersion = 10.0.40219.1
Project("{D954291E-2A0B-460D-934E-DC6B0785DB48}") = "MyUnoPlatformApp.Shared", "MyUnoPlatformApp\MyUnoPlatformApp.Shared\MyUnoPlatformApp.Shared.shproj", "{6279C845-92F8-4333-AB99-3D213163593C}"
EndProject
Project("{2150E333-8FDC-42A3-9474-1A3956D46DE8}") = "Platforms", "Platforms", "{48D5BACA-4464-4160-9536-F6798D7A8254}"
EndProject
Project("{FAE04EC0-301F-11D3-BF4B-00C04F79EFBC}") = "MyUnoPlatformApp.Droid", "MyUnoPlatformApp\MyUnoPlatformApp.Droid\MyUnoPlatformApp.Droid.csproj", "{FD137B29-C804-49F6-A5B6-AC4534F02008}"
EndProject
Project("{FAE04EC0-301F-11D3-BF4B-00C04F79EFBC}") = "MyUnoPlatformApp.iOS", "MyUnoPlatformApp\MyUnoPlatformApp.iOS\MyUnoPlatformApp.iOS.csproj", "{C0C8F639-BB9C-4659-B833-EABD8092D146}"
EndProject
Project("{FAE04EC0-301F-11D3-BF4B-00C04F79EFBC}") = "MyUnoPlatformApp.UWP", "MyUnoPlatformApp\MyUnoPlatformApp.UWP\MyUnoPlatformApp.UWP.csproj", "{E4F05340-906D-4D70-AF75-25BF1E00CAA7}"
EndProject
Project("{FAE04EC0-301F-11D3-BF4B-00C04F79EFBC}") = "MyUnoPlatformApp.Wasm", "MyUnoPlatformApp\MyUnoPlatformApp.Wasm\MyUnoPlatformApp.Wasm.csproj", "{C3A008DB-09AD-400D-AFA7-8FAFC0ACCAD3}"
EndProject
Project("{FAE04EC0-301F-11D3-BF4B-00C04F79EFBC}") = "MyUnoPlatformApp.macOS", "MyUnoPlatformApp\MyUnoPlatformApp.macOS\MyUnoPlatformApp.macOS.csproj", "{BB3EC10C-450F-4278-BDBB-0C5514B1E39E}"
EndProject
Project("{FAE04EC0-301F-11D3-BF4B-00C04F79EFBC}") = "MyUnoPlatformApp.Skia.Wpf.Host", "MyUnoPlatformApp\MyUnoPlatformApp.Skia.Wpf.Host\MyUnoPlatformApp.Skia.Wpf.Host.csproj", "{1FF493D0-E3FC-487B-85CD-95B8F10D0D3A}"
EndProject
Project("{FAE04EC0-301F-11D3-BF4B-00C04F79EFBC}") = "MyUnoPlatformApp.Skia.Wpf", "MyUnoPlatformApp\MyUnoPlatformApp.Skia.Wpf\MyUnoPlatformApp.Skia.Wpf.csproj", "{6CE90B26-D032-4CCD-8C5B-A15636B9DACE}"
EndProject
Project("{FAE04EC0-301F-11D3-BF4B-00C04F79EFBC}") = "MyUnoPlatformApp.Skia.Gtk", "MyUnoPlatformApp\MyUnoPlatformApp.Skia.Gtk\MyUnoPlatformApp.Skia.Gtk.csproj", "{635D26A4-5E0B-4F56-9429-C146F8F9CFB8}"
EndProject
Project("{FAE04EC0-301F-11D3-BF4B-00C04F79EFBC}") = "MyUnoPlatformApp.Skia.Tizen", "MyUnoPlatformApp\MyUnoPlatformApp.Skia.Tizen\MyUnoPlatformApp.Skia.Tizen.csproj", "{88FADB73-5346-48B7-BCE5-08854D0F085F}"
EndProject
Global
	GlobalSection(SolutionConfigurationPlatforms) = preSolution
		Ad-Hoc|Any CPU = Ad-Hoc|Any CPU
		Ad-Hoc|ARM = Ad-Hoc|ARM
		Ad-Hoc|ARM64 = Ad-Hoc|ARM64
		Ad-Hoc|iPhone = Ad-Hoc|iPhone
		Ad-Hoc|iPhoneSimulator = Ad-Hoc|iPhoneSimulator
		Ad-Hoc|x64 = Ad-Hoc|x64
		Ad-Hoc|x86 = Ad-Hoc|x86
		AppStore|Any CPU = AppStore|Any CPU
		AppStore|ARM = AppStore|ARM
		AppStore|ARM64 = AppStore|ARM64
		AppStore|iPhone = AppStore|iPhone
		AppStore|iPhoneSimulator = AppStore|iPhoneSimulator
		AppStore|x64 = AppStore|x64
		AppStore|x86 = AppStore|x86
		Debug|Any CPU = Debug|Any CPU
		Debug|ARM = Debug|ARM
		Debug|ARM64 = Debug|ARM64
		Debug|iPhone = Debug|iPhone
		Debug|iPhoneSimulator = Debug|iPhoneSimulator
		Debug|x64 = Debug|x64
		Debug|x86 = Debug|x86
		Release|Any CPU = Release|Any CPU
		Release|ARM = Release|ARM
		Release|ARM64 = Release|ARM64
		Release|iPhone = Release|iPhone
		Release|iPhoneSimulator = Release|iPhoneSimulator
		Release|x64 = Release|x64
		Release|x86 = Release|x86
	EndGlobalSection
	GlobalSection(ProjectConfigurationPlatforms) = postSolution
		{FD137B29-C804-49F6-A5B6-AC4534F02008}.Ad-Hoc|Any CPU.ActiveCfg = Debug|Any CPU
		{FD137B29-C804-49F6-A5B6-AC4534F02008}.Ad-Hoc|Any CPU.Build.0 = Debug|Any CPU
		{FD137B29-C804-49F6-A5B6-AC4534F02008}.Ad-Hoc|Any CPU.Deploy.0 = Debug|Any CPU
		{FD137B29-C804-49F6-A5B6-AC4534F02008}.Ad-Hoc|ARM.ActiveCfg = Debug|Any CPU
		{FD137B29-C804-49F6-A5B6-AC4534F02008}.Ad-Hoc|ARM.Build.0 = Debug|Any CPU
		{FD137B29-C804-49F6-A5B6-AC4534F02008}.Ad-Hoc|ARM.Deploy.0 = Debug|Any CPU
		{FD137B29-C804-49F6-A5B6-AC4534F02008}.Ad-Hoc|ARM64.ActiveCfg = Debug|Any CPU
		{FD137B29-C804-49F6-A5B6-AC4534F02008}.Ad-Hoc|ARM64.Build.0 = Debug|Any CPU
		{FD137B29-C804-49F6-A5B6-AC4534F02008}.Ad-Hoc|ARM64.Deploy.0 = Debug|Any CPU
		{FD137B29-C804-49F6-A5B6-AC4534F02008}.Ad-Hoc|iPhone.ActiveCfg = Debug|Any CPU
		{FD137B29-C804-49F6-A5B6-AC4534F02008}.Ad-Hoc|iPhone.Build.0 = Debug|Any CPU
		{FD137B29-C804-49F6-A5B6-AC4534F02008}.Ad-Hoc|iPhone.Deploy.0 = Debug|Any CPU
		{FD137B29-C804-49F6-A5B6-AC4534F02008}.Ad-Hoc|iPhoneSimulator.ActiveCfg = Debug|Any CPU
		{FD137B29-C804-49F6-A5B6-AC4534F02008}.Ad-Hoc|iPhoneSimulator.Build.0 = Debug|Any CPU
		{FD137B29-C804-49F6-A5B6-AC4534F02008}.Ad-Hoc|iPhoneSimulator.Deploy.0 = Debug|Any CPU
		{FD137B29-C804-49F6-A5B6-AC4534F02008}.Ad-Hoc|x64.ActiveCfg = Debug|Any CPU
		{FD137B29-C804-49F6-A5B6-AC4534F02008}.Ad-Hoc|x64.Build.0 = Debug|Any CPU
		{FD137B29-C804-49F6-A5B6-AC4534F02008}.Ad-Hoc|x64.Deploy.0 = Debug|Any CPU
		{FD137B29-C804-49F6-A5B6-AC4534F02008}.Ad-Hoc|x86.ActiveCfg = Debug|Any CPU
		{FD137B29-C804-49F6-A5B6-AC4534F02008}.Ad-Hoc|x86.Build.0 = Debug|Any CPU
		{FD137B29-C804-49F6-A5B6-AC4534F02008}.Ad-Hoc|x86.Deploy.0 = Debug|Any CPU
		{FD137B29-C804-49F6-A5B6-AC4534F02008}.AppStore|Any CPU.ActiveCfg = Debug|Any CPU
		{FD137B29-C804-49F6-A5B6-AC4534F02008}.AppStore|Any CPU.Build.0 = Debug|Any CPU
		{FD137B29-C804-49F6-A5B6-AC4534F02008}.AppStore|Any CPU.Deploy.0 = Debug|Any CPU
		{FD137B29-C804-49F6-A5B6-AC4534F02008}.AppStore|ARM.ActiveCfg = Debug|Any CPU
		{FD137B29-C804-49F6-A5B6-AC4534F02008}.AppStore|ARM.Build.0 = Debug|Any CPU
		{FD137B29-C804-49F6-A5B6-AC4534F02008}.AppStore|ARM.Deploy.0 = Debug|Any CPU
		{FD137B29-C804-49F6-A5B6-AC4534F02008}.AppStore|ARM64.ActiveCfg = Debug|Any CPU
		{FD137B29-C804-49F6-A5B6-AC4534F02008}.AppStore|ARM64.Build.0 = Debug|Any CPU
		{FD137B29-C804-49F6-A5B6-AC4534F02008}.AppStore|ARM64.Deploy.0 = Debug|Any CPU
		{FD137B29-C804-49F6-A5B6-AC4534F02008}.AppStore|iPhone.ActiveCfg = Debug|Any CPU
		{FD137B29-C804-49F6-A5B6-AC4534F02008}.AppStore|iPhone.Build.0 = Debug|Any CPU
		{FD137B29-C804-49F6-A5B6-AC4534F02008}.AppStore|iPhone.Deploy.0 = Debug|Any CPU
		{FD137B29-C804-49F6-A5B6-AC4534F02008}.AppStore|iPhoneSimulator.ActiveCfg = Debug|Any CPU
		{FD137B29-C804-49F6-A5B6-AC4534F02008}.AppStore|iPhoneSimulator.Build.0 = Debug|Any CPU
		{FD137B29-C804-49F6-A5B6-AC4534F02008}.AppStore|iPhoneSimulator.Deploy.0 = Debug|Any CPU
		{FD137B29-C804-49F6-A5B6-AC4534F02008}.AppStore|x64.ActiveCfg = Debug|Any CPU
		{FD137B29-C804-49F6-A5B6-AC4534F02008}.AppStore|x64.Build.0 = Debug|Any CPU
		{FD137B29-C804-49F6-A5B6-AC4534F02008}.AppStore|x64.Deploy.0 = Debug|Any CPU
		{FD137B29-C804-49F6-A5B6-AC4534F02008}.AppStore|x86.ActiveCfg = Debug|Any CPU
		{FD137B29-C804-49F6-A5B6-AC4534F02008}.AppStore|x86.Build.0 = Debug|Any CPU
		{FD137B29-C804-49F6-A5B6-AC4534F02008}.AppStore|x86.Deploy.0 = Debug|Any CPU
		{FD137B29-C804-49F6-A5B6-AC4534F02008}.Debug|Any CPU.ActiveCfg = Debug|Any CPU
		{FD137B29-C804-49F6-A5B6-AC4534F02008}.Debug|Any CPU.Build.0 = Debug|Any CPU
		{FD137B29-C804-49F6-A5B6-AC4534F02008}.Debug|Any CPU.Deploy.0 = Debug|Any CPU
		{FD137B29-C804-49F6-A5B6-AC4534F02008}.Debug|ARM.ActiveCfg = Debug|Any CPU
		{FD137B29-C804-49F6-A5B6-AC4534F02008}.Debug|ARM.Build.0 = Debug|Any CPU
		{FD137B29-C804-49F6-A5B6-AC4534F02008}.Debug|ARM.Deploy.0 = Debug|Any CPU
		{FD137B29-C804-49F6-A5B6-AC4534F02008}.Debug|ARM64.ActiveCfg = Debug|Any CPU
		{FD137B29-C804-49F6-A5B6-AC4534F02008}.Debug|ARM64.Build.0 = Debug|Any CPU
		{FD137B29-C804-49F6-A5B6-AC4534F02008}.Debug|ARM64.Deploy.0 = Debug|Any CPU
		{FD137B29-C804-49F6-A5B6-AC4534F02008}.Debug|iPhone.ActiveCfg = Debug|Any CPU
		{FD137B29-C804-49F6-A5B6-AC4534F02008}.Debug|iPhone.Build.0 = Debug|Any CPU
		{FD137B29-C804-49F6-A5B6-AC4534F02008}.Debug|iPhone.Deploy.0 = Debug|Any CPU
		{FD137B29-C804-49F6-A5B6-AC4534F02008}.Debug|iPhoneSimulator.ActiveCfg = Debug|Any CPU
		{FD137B29-C804-49F6-A5B6-AC4534F02008}.Debug|iPhoneSimulator.Build.0 = Debug|Any CPU
		{FD137B29-C804-49F6-A5B6-AC4534F02008}.Debug|iPhoneSimulator.Deploy.0 = Debug|Any CPU
		{FD137B29-C804-49F6-A5B6-AC4534F02008}.Debug|x64.ActiveCfg = Debug|Any CPU
		{FD137B29-C804-49F6-A5B6-AC4534F02008}.Debug|x64.Build.0 = Debug|Any CPU
		{FD137B29-C804-49F6-A5B6-AC4534F02008}.Debug|x64.Deploy.0 = Debug|Any CPU
		{FD137B29-C804-49F6-A5B6-AC4534F02008}.Debug|x86.ActiveCfg = Debug|Any CPU
		{FD137B29-C804-49F6-A5B6-AC4534F02008}.Debug|x86.Build.0 = Debug|Any CPU
		{FD137B29-C804-49F6-A5B6-AC4534F02008}.Debug|x86.Deploy.0 = Debug|Any CPU
		{FD137B29-C804-49F6-A5B6-AC4534F02008}.Release|Any CPU.ActiveCfg = Release|Any CPU
		{FD137B29-C804-49F6-A5B6-AC4534F02008}.Release|Any CPU.Build.0 = Release|Any CPU
		{FD137B29-C804-49F6-A5B6-AC4534F02008}.Release|Any CPU.Deploy.0 = Release|Any CPU
		{FD137B29-C804-49F6-A5B6-AC4534F02008}.Release|ARM.ActiveCfg = Release|Any CPU
		{FD137B29-C804-49F6-A5B6-AC4534F02008}.Release|ARM.Build.0 = Release|Any CPU
		{FD137B29-C804-49F6-A5B6-AC4534F02008}.Release|ARM.Deploy.0 = Release|Any CPU
		{FD137B29-C804-49F6-A5B6-AC4534F02008}.Release|ARM64.ActiveCfg = Release|Any CPU
		{FD137B29-C804-49F6-A5B6-AC4534F02008}.Release|ARM64.Build.0 = Release|Any CPU
		{FD137B29-C804-49F6-A5B6-AC4534F02008}.Release|ARM64.Deploy.0 = Release|Any CPU
		{FD137B29-C804-49F6-A5B6-AC4534F02008}.Release|iPhone.ActiveCfg = Release|Any CPU
		{FD137B29-C804-49F6-A5B6-AC4534F02008}.Release|iPhone.Build.0 = Release|Any CPU
		{FD137B29-C804-49F6-A5B6-AC4534F02008}.Release|iPhone.Deploy.0 = Release|Any CPU
		{FD137B29-C804-49F6-A5B6-AC4534F02008}.Release|iPhoneSimulator.ActiveCfg = Release|Any CPU
		{FD137B29-C804-49F6-A5B6-AC4534F02008}.Release|iPhoneSimulator.Build.0 = Release|Any CPU
		{FD137B29-C804-49F6-A5B6-AC4534F02008}.Release|iPhoneSimulator.Deploy.0 = Release|Any CPU
		{FD137B29-C804-49F6-A5B6-AC4534F02008}.Release|x64.ActiveCfg = Release|Any CPU
		{FD137B29-C804-49F6-A5B6-AC4534F02008}.Release|x64.Build.0 = Release|Any CPU
		{FD137B29-C804-49F6-A5B6-AC4534F02008}.Release|x64.Deploy.0 = Release|Any CPU
		{FD137B29-C804-49F6-A5B6-AC4534F02008}.Release|x86.ActiveCfg = Release|Any CPU
		{FD137B29-C804-49F6-A5B6-AC4534F02008}.Release|x86.Build.0 = Release|Any CPU
		{FD137B29-C804-49F6-A5B6-AC4534F02008}.Release|x86.Deploy.0 = Release|Any CPU
		{C0C8F639-BB9C-4659-B833-EABD8092D146}.Ad-Hoc|Any CPU.ActiveCfg = Ad-Hoc|iPhoneSimulator
		{C0C8F639-BB9C-4659-B833-EABD8092D146}.Ad-Hoc|Any CPU.Build.0 = Ad-Hoc|iPhoneSimulator
		{C0C8F639-BB9C-4659-B833-EABD8092D146}.Ad-Hoc|ARM.ActiveCfg = Ad-Hoc|iPhoneSimulator
		{C0C8F639-BB9C-4659-B833-EABD8092D146}.Ad-Hoc|ARM.Build.0 = Ad-Hoc|iPhoneSimulator
		{C0C8F639-BB9C-4659-B833-EABD8092D146}.Ad-Hoc|ARM64.ActiveCfg = Ad-Hoc|iPhoneSimulator
		{C0C8F639-BB9C-4659-B833-EABD8092D146}.Ad-Hoc|ARM64.Build.0 = Ad-Hoc|iPhoneSimulator
		{C0C8F639-BB9C-4659-B833-EABD8092D146}.Ad-Hoc|iPhone.ActiveCfg = Ad-Hoc|iPhone
		{C0C8F639-BB9C-4659-B833-EABD8092D146}.Ad-Hoc|iPhone.Build.0 = Ad-Hoc|iPhone
		{C0C8F639-BB9C-4659-B833-EABD8092D146}.Ad-Hoc|iPhoneSimulator.ActiveCfg = Ad-Hoc|iPhoneSimulator
		{C0C8F639-BB9C-4659-B833-EABD8092D146}.Ad-Hoc|iPhoneSimulator.Build.0 = Ad-Hoc|iPhoneSimulator
		{C0C8F639-BB9C-4659-B833-EABD8092D146}.Ad-Hoc|x64.ActiveCfg = Ad-Hoc|iPhoneSimulator
		{C0C8F639-BB9C-4659-B833-EABD8092D146}.Ad-Hoc|x64.Build.0 = Ad-Hoc|iPhoneSimulator
		{C0C8F639-BB9C-4659-B833-EABD8092D146}.Ad-Hoc|x86.ActiveCfg = Ad-Hoc|iPhoneSimulator
		{C0C8F639-BB9C-4659-B833-EABD8092D146}.Ad-Hoc|x86.Build.0 = Ad-Hoc|iPhoneSimulator
		{C0C8F639-BB9C-4659-B833-EABD8092D146}.AppStore|Any CPU.ActiveCfg = AppStore|iPhoneSimulator
		{C0C8F639-BB9C-4659-B833-EABD8092D146}.AppStore|Any CPU.Build.0 = AppStore|iPhoneSimulator
		{C0C8F639-BB9C-4659-B833-EABD8092D146}.AppStore|ARM.ActiveCfg = AppStore|iPhoneSimulator
		{C0C8F639-BB9C-4659-B833-EABD8092D146}.AppStore|ARM.Build.0 = AppStore|iPhoneSimulator
		{C0C8F639-BB9C-4659-B833-EABD8092D146}.AppStore|ARM64.ActiveCfg = AppStore|iPhoneSimulator
		{C0C8F639-BB9C-4659-B833-EABD8092D146}.AppStore|ARM64.Build.0 = AppStore|iPhoneSimulator
		{C0C8F639-BB9C-4659-B833-EABD8092D146}.AppStore|iPhone.ActiveCfg = AppStore|iPhone
		{C0C8F639-BB9C-4659-B833-EABD8092D146}.AppStore|iPhone.Build.0 = AppStore|iPhone
		{C0C8F639-BB9C-4659-B833-EABD8092D146}.AppStore|iPhoneSimulator.ActiveCfg = AppStore|iPhoneSimulator
		{C0C8F639-BB9C-4659-B833-EABD8092D146}.AppStore|iPhoneSimulator.Build.0 = AppStore|iPhoneSimulator
		{C0C8F639-BB9C-4659-B833-EABD8092D146}.AppStore|x64.ActiveCfg = AppStore|iPhoneSimulator
		{C0C8F639-BB9C-4659-B833-EABD8092D146}.AppStore|x64.Build.0 = AppStore|iPhoneSimulator
		{C0C8F639-BB9C-4659-B833-EABD8092D146}.AppStore|x86.ActiveCfg = AppStore|iPhoneSimulator
		{C0C8F639-BB9C-4659-B833-EABD8092D146}.AppStore|x86.Build.0 = AppStore|iPhoneSimulator
		{C0C8F639-BB9C-4659-B833-EABD8092D146}.Debug|Any CPU.ActiveCfg = Debug|iPhoneSimulator
		{C0C8F639-BB9C-4659-B833-EABD8092D146}.Debug|Any CPU.Build.0 = Debug|iPhoneSimulator
		{C0C8F639-BB9C-4659-B833-EABD8092D146}.Debug|ARM.ActiveCfg = Debug|iPhoneSimulator
		{C0C8F639-BB9C-4659-B833-EABD8092D146}.Debug|ARM.Build.0 = Debug|iPhoneSimulator
		{C0C8F639-BB9C-4659-B833-EABD8092D146}.Debug|ARM64.ActiveCfg = Debug|iPhoneSimulator
		{C0C8F639-BB9C-4659-B833-EABD8092D146}.Debug|ARM64.Build.0 = Debug|iPhoneSimulator
		{C0C8F639-BB9C-4659-B833-EABD8092D146}.Debug|iPhone.ActiveCfg = Debug|iPhone
		{C0C8F639-BB9C-4659-B833-EABD8092D146}.Debug|iPhone.Build.0 = Debug|iPhone
		{C0C8F639-BB9C-4659-B833-EABD8092D146}.Debug|iPhoneSimulator.ActiveCfg = Debug|iPhoneSimulator
		{C0C8F639-BB9C-4659-B833-EABD8092D146}.Debug|iPhoneSimulator.Build.0 = Debug|iPhoneSimulator
		{C0C8F639-BB9C-4659-B833-EABD8092D146}.Debug|x64.ActiveCfg = Debug|iPhoneSimulator
		{C0C8F639-BB9C-4659-B833-EABD8092D146}.Debug|x64.Build.0 = Debug|iPhoneSimulator
		{C0C8F639-BB9C-4659-B833-EABD8092D146}.Debug|x86.ActiveCfg = Debug|iPhoneSimulator
		{C0C8F639-BB9C-4659-B833-EABD8092D146}.Debug|x86.Build.0 = Debug|iPhoneSimulator
		{C0C8F639-BB9C-4659-B833-EABD8092D146}.Release|Any CPU.ActiveCfg = Release|iPhoneSimulator
		{C0C8F639-BB9C-4659-B833-EABD8092D146}.Release|Any CPU.Build.0 = Release|iPhoneSimulator
		{C0C8F639-BB9C-4659-B833-EABD8092D146}.Release|ARM.ActiveCfg = Release|iPhoneSimulator
		{C0C8F639-BB9C-4659-B833-EABD8092D146}.Release|ARM.Build.0 = Release|iPhoneSimulator
		{C0C8F639-BB9C-4659-B833-EABD8092D146}.Release|ARM64.ActiveCfg = Release|iPhoneSimulator
		{C0C8F639-BB9C-4659-B833-EABD8092D146}.Release|ARM64.Build.0 = Release|iPhoneSimulator
		{C0C8F639-BB9C-4659-B833-EABD8092D146}.Release|iPhone.ActiveCfg = Release|iPhone
		{C0C8F639-BB9C-4659-B833-EABD8092D146}.Release|iPhone.Build.0 = Release|iPhone
		{C0C8F639-BB9C-4659-B833-EABD8092D146}.Release|iPhoneSimulator.ActiveCfg = Release|iPhoneSimulator
		{C0C8F639-BB9C-4659-B833-EABD8092D146}.Release|iPhoneSimulator.Build.0 = Release|iPhoneSimulator
		{C0C8F639-BB9C-4659-B833-EABD8092D146}.Release|x64.ActiveCfg = Release|iPhoneSimulator
		{C0C8F639-BB9C-4659-B833-EABD8092D146}.Release|x64.Build.0 = Release|iPhoneSimulator
		{C0C8F639-BB9C-4659-B833-EABD8092D146}.Release|x86.ActiveCfg = Release|iPhoneSimulator
		{C0C8F639-BB9C-4659-B833-EABD8092D146}.Release|x86.Build.0 = Release|iPhoneSimulator
		{E4F05340-906D-4D70-AF75-25BF1E00CAA7}.Ad-Hoc|Any CPU.ActiveCfg = Debug|x64
		{E4F05340-906D-4D70-AF75-25BF1E00CAA7}.Ad-Hoc|Any CPU.Build.0 = Debug|x64
		{E4F05340-906D-4D70-AF75-25BF1E00CAA7}.Ad-Hoc|Any CPU.Deploy.0 = Debug|x64
		{E4F05340-906D-4D70-AF75-25BF1E00CAA7}.Ad-Hoc|ARM.ActiveCfg = Debug|ARM
		{E4F05340-906D-4D70-AF75-25BF1E00CAA7}.Ad-Hoc|ARM.Build.0 = Debug|ARM
		{E4F05340-906D-4D70-AF75-25BF1E00CAA7}.Ad-Hoc|ARM.Deploy.0 = Debug|ARM
		{E4F05340-906D-4D70-AF75-25BF1E00CAA7}.Ad-Hoc|ARM64.ActiveCfg = Debug|ARM64
		{E4F05340-906D-4D70-AF75-25BF1E00CAA7}.Ad-Hoc|ARM64.Build.0 = Debug|ARM64
		{E4F05340-906D-4D70-AF75-25BF1E00CAA7}.Ad-Hoc|ARM64.Deploy.0 = Debug|ARM64
		{E4F05340-906D-4D70-AF75-25BF1E00CAA7}.Ad-Hoc|iPhone.ActiveCfg = Debug|x64
		{E4F05340-906D-4D70-AF75-25BF1E00CAA7}.Ad-Hoc|iPhone.Build.0 = Debug|x64
		{E4F05340-906D-4D70-AF75-25BF1E00CAA7}.Ad-Hoc|iPhone.Deploy.0 = Debug|x64
		{E4F05340-906D-4D70-AF75-25BF1E00CAA7}.Ad-Hoc|iPhoneSimulator.ActiveCfg = Debug|x64
		{E4F05340-906D-4D70-AF75-25BF1E00CAA7}.Ad-Hoc|iPhoneSimulator.Build.0 = Debug|x64
		{E4F05340-906D-4D70-AF75-25BF1E00CAA7}.Ad-Hoc|iPhoneSimulator.Deploy.0 = Debug|x64
		{E4F05340-906D-4D70-AF75-25BF1E00CAA7}.Ad-Hoc|x64.ActiveCfg = Debug|x64
		{E4F05340-906D-4D70-AF75-25BF1E00CAA7}.Ad-Hoc|x64.Build.0 = Debug|x64
		{E4F05340-906D-4D70-AF75-25BF1E00CAA7}.Ad-Hoc|x64.Deploy.0 = Debug|x64
		{E4F05340-906D-4D70-AF75-25BF1E00CAA7}.Ad-Hoc|x86.ActiveCfg = Debug|x86
		{E4F05340-906D-4D70-AF75-25BF1E00CAA7}.Ad-Hoc|x86.Build.0 = Debug|x86
		{E4F05340-906D-4D70-AF75-25BF1E00CAA7}.Ad-Hoc|x86.Deploy.0 = Debug|x86
		{E4F05340-906D-4D70-AF75-25BF1E00CAA7}.AppStore|Any CPU.ActiveCfg = Debug|x64
		{E4F05340-906D-4D70-AF75-25BF1E00CAA7}.AppStore|Any CPU.Build.0 = Debug|x64
		{E4F05340-906D-4D70-AF75-25BF1E00CAA7}.AppStore|Any CPU.Deploy.0 = Debug|x64
		{E4F05340-906D-4D70-AF75-25BF1E00CAA7}.AppStore|ARM.ActiveCfg = Debug|ARM
		{E4F05340-906D-4D70-AF75-25BF1E00CAA7}.AppStore|ARM.Build.0 = Debug|ARM
		{E4F05340-906D-4D70-AF75-25BF1E00CAA7}.AppStore|ARM.Deploy.0 = Debug|ARM
		{E4F05340-906D-4D70-AF75-25BF1E00CAA7}.AppStore|ARM64.ActiveCfg = Debug|ARM64
		{E4F05340-906D-4D70-AF75-25BF1E00CAA7}.AppStore|ARM64.Build.0 = Debug|ARM64
		{E4F05340-906D-4D70-AF75-25BF1E00CAA7}.AppStore|ARM64.Deploy.0 = Debug|ARM64
		{E4F05340-906D-4D70-AF75-25BF1E00CAA7}.AppStore|iPhone.ActiveCfg = Debug|x64
		{E4F05340-906D-4D70-AF75-25BF1E00CAA7}.AppStore|iPhone.Build.0 = Debug|x64
		{E4F05340-906D-4D70-AF75-25BF1E00CAA7}.AppStore|iPhone.Deploy.0 = Debug|x64
		{E4F05340-906D-4D70-AF75-25BF1E00CAA7}.AppStore|iPhoneSimulator.ActiveCfg = Debug|x64
		{E4F05340-906D-4D70-AF75-25BF1E00CAA7}.AppStore|iPhoneSimulator.Build.0 = Debug|x64
		{E4F05340-906D-4D70-AF75-25BF1E00CAA7}.AppStore|iPhoneSimulator.Deploy.0 = Debug|x64
		{E4F05340-906D-4D70-AF75-25BF1E00CAA7}.AppStore|x64.ActiveCfg = Debug|x64
		{E4F05340-906D-4D70-AF75-25BF1E00CAA7}.AppStore|x64.Build.0 = Debug|x64
		{E4F05340-906D-4D70-AF75-25BF1E00CAA7}.AppStore|x64.Deploy.0 = Debug|x64
		{E4F05340-906D-4D70-AF75-25BF1E00CAA7}.AppStore|x86.ActiveCfg = Debug|x86
		{E4F05340-906D-4D70-AF75-25BF1E00CAA7}.AppStore|x86.Build.0 = Debug|x86
		{E4F05340-906D-4D70-AF75-25BF1E00CAA7}.AppStore|x86.Deploy.0 = Debug|x86
		{E4F05340-906D-4D70-AF75-25BF1E00CAA7}.Debug|Any CPU.ActiveCfg = Debug|x64
		{E4F05340-906D-4D70-AF75-25BF1E00CAA7}.Debug|Any CPU.Build.0 = Debug|x64
		{E4F05340-906D-4D70-AF75-25BF1E00CAA7}.Debug|Any CPU.Deploy.0 = Debug|x64
		{E4F05340-906D-4D70-AF75-25BF1E00CAA7}.Debug|ARM.ActiveCfg = Debug|ARM
		{E4F05340-906D-4D70-AF75-25BF1E00CAA7}.Debug|ARM.Build.0 = Debug|ARM
		{E4F05340-906D-4D70-AF75-25BF1E00CAA7}.Debug|ARM.Deploy.0 = Debug|ARM
		{E4F05340-906D-4D70-AF75-25BF1E00CAA7}.Debug|ARM64.ActiveCfg = Debug|ARM64
		{E4F05340-906D-4D70-AF75-25BF1E00CAA7}.Debug|ARM64.Build.0 = Debug|ARM64
		{E4F05340-906D-4D70-AF75-25BF1E00CAA7}.Debug|ARM64.Deploy.0 = Debug|ARM64
		{E4F05340-906D-4D70-AF75-25BF1E00CAA7}.Debug|iPhone.ActiveCfg = Debug|x64
		{E4F05340-906D-4D70-AF75-25BF1E00CAA7}.Debug|iPhone.Build.0 = Debug|x64
		{E4F05340-906D-4D70-AF75-25BF1E00CAA7}.Debug|iPhone.Deploy.0 = Debug|x64
		{E4F05340-906D-4D70-AF75-25BF1E00CAA7}.Debug|iPhoneSimulator.ActiveCfg = Debug|x64
		{E4F05340-906D-4D70-AF75-25BF1E00CAA7}.Debug|iPhoneSimulator.Build.0 = Debug|x64
		{E4F05340-906D-4D70-AF75-25BF1E00CAA7}.Debug|iPhoneSimulator.Deploy.0 = Debug|x64
		{E4F05340-906D-4D70-AF75-25BF1E00CAA7}.Debug|x64.ActiveCfg = Debug|x64
		{E4F05340-906D-4D70-AF75-25BF1E00CAA7}.Debug|x64.Build.0 = Debug|x64
		{E4F05340-906D-4D70-AF75-25BF1E00CAA7}.Debug|x64.Deploy.0 = Debug|x64
		{E4F05340-906D-4D70-AF75-25BF1E00CAA7}.Debug|x86.ActiveCfg = Debug|x86
		{E4F05340-906D-4D70-AF75-25BF1E00CAA7}.Debug|x86.Build.0 = Debug|x86
		{E4F05340-906D-4D70-AF75-25BF1E00CAA7}.Debug|x86.Deploy.0 = Debug|x86
		{E4F05340-906D-4D70-AF75-25BF1E00CAA7}.Release|Any CPU.ActiveCfg = Release|x64
		{E4F05340-906D-4D70-AF75-25BF1E00CAA7}.Release|Any CPU.Build.0 = Release|x64
		{E4F05340-906D-4D70-AF75-25BF1E00CAA7}.Release|Any CPU.Deploy.0 = Release|x64
		{E4F05340-906D-4D70-AF75-25BF1E00CAA7}.Release|ARM.ActiveCfg = Release|ARM
		{E4F05340-906D-4D70-AF75-25BF1E00CAA7}.Release|ARM.Build.0 = Release|ARM
		{E4F05340-906D-4D70-AF75-25BF1E00CAA7}.Release|ARM.Deploy.0 = Release|ARM
		{E4F05340-906D-4D70-AF75-25BF1E00CAA7}.Release|ARM64.ActiveCfg = Release|ARM64
		{E4F05340-906D-4D70-AF75-25BF1E00CAA7}.Release|ARM64.Build.0 = Release|ARM64
		{E4F05340-906D-4D70-AF75-25BF1E00CAA7}.Release|ARM64.Deploy.0 = Release|ARM64
		{E4F05340-906D-4D70-AF75-25BF1E00CAA7}.Release|iPhone.ActiveCfg = Release|x64
		{E4F05340-906D-4D70-AF75-25BF1E00CAA7}.Release|iPhone.Build.0 = Release|x64
		{E4F05340-906D-4D70-AF75-25BF1E00CAA7}.Release|iPhone.Deploy.0 = Release|x64
		{E4F05340-906D-4D70-AF75-25BF1E00CAA7}.Release|iPhoneSimulator.ActiveCfg = Release|x64
		{E4F05340-906D-4D70-AF75-25BF1E00CAA7}.Release|iPhoneSimulator.Build.0 = Release|x64
		{E4F05340-906D-4D70-AF75-25BF1E00CAA7}.Release|iPhoneSimulator.Deploy.0 = Release|x64
		{E4F05340-906D-4D70-AF75-25BF1E00CAA7}.Release|x64.ActiveCfg = Release|x64
		{E4F05340-906D-4D70-AF75-25BF1E00CAA7}.Release|x64.Build.0 = Release|x64
		{E4F05340-906D-4D70-AF75-25BF1E00CAA7}.Release|x64.Deploy.0 = Release|x64
		{E4F05340-906D-4D70-AF75-25BF1E00CAA7}.Release|x86.ActiveCfg = Release|x86
		{E4F05340-906D-4D70-AF75-25BF1E00CAA7}.Release|x86.Build.0 = Release|x86
		{E4F05340-906D-4D70-AF75-25BF1E00CAA7}.Release|x86.Deploy.0 = Release|x86
		{C3A008DB-09AD-400D-AFA7-8FAFC0ACCAD3}.Ad-Hoc|Any CPU.ActiveCfg = Debug|Any CPU
		{C3A008DB-09AD-400D-AFA7-8FAFC0ACCAD3}.Ad-Hoc|Any CPU.Build.0 = Debug|Any CPU
		{C3A008DB-09AD-400D-AFA7-8FAFC0ACCAD3}.Ad-Hoc|ARM.ActiveCfg = Debug|Any CPU
		{C3A008DB-09AD-400D-AFA7-8FAFC0ACCAD3}.Ad-Hoc|ARM.Build.0 = Debug|Any CPU
		{C3A008DB-09AD-400D-AFA7-8FAFC0ACCAD3}.Ad-Hoc|ARM64.ActiveCfg = Debug|Any CPU
		{C3A008DB-09AD-400D-AFA7-8FAFC0ACCAD3}.Ad-Hoc|ARM64.Build.0 = Debug|Any CPU
		{C3A008DB-09AD-400D-AFA7-8FAFC0ACCAD3}.Ad-Hoc|iPhone.ActiveCfg = Debug|Any CPU
		{C3A008DB-09AD-400D-AFA7-8FAFC0ACCAD3}.Ad-Hoc|iPhone.Build.0 = Debug|Any CPU
		{C3A008DB-09AD-400D-AFA7-8FAFC0ACCAD3}.Ad-Hoc|iPhoneSimulator.ActiveCfg = Debug|Any CPU
		{C3A008DB-09AD-400D-AFA7-8FAFC0ACCAD3}.Ad-Hoc|iPhoneSimulator.Build.0 = Debug|Any CPU
		{C3A008DB-09AD-400D-AFA7-8FAFC0ACCAD3}.Ad-Hoc|x64.ActiveCfg = Debug|Any CPU
		{C3A008DB-09AD-400D-AFA7-8FAFC0ACCAD3}.Ad-Hoc|x64.Build.0 = Debug|Any CPU
		{C3A008DB-09AD-400D-AFA7-8FAFC0ACCAD3}.Ad-Hoc|x86.ActiveCfg = Debug|Any CPU
		{C3A008DB-09AD-400D-AFA7-8FAFC0ACCAD3}.Ad-Hoc|x86.Build.0 = Debug|Any CPU
		{C3A008DB-09AD-400D-AFA7-8FAFC0ACCAD3}.AppStore|Any CPU.ActiveCfg = Debug|Any CPU
		{C3A008DB-09AD-400D-AFA7-8FAFC0ACCAD3}.AppStore|Any CPU.Build.0 = Debug|Any CPU
		{C3A008DB-09AD-400D-AFA7-8FAFC0ACCAD3}.AppStore|ARM.ActiveCfg = Debug|Any CPU
		{C3A008DB-09AD-400D-AFA7-8FAFC0ACCAD3}.AppStore|ARM.Build.0 = Debug|Any CPU
		{C3A008DB-09AD-400D-AFA7-8FAFC0ACCAD3}.AppStore|ARM64.ActiveCfg = Debug|Any CPU
		{C3A008DB-09AD-400D-AFA7-8FAFC0ACCAD3}.AppStore|ARM64.Build.0 = Debug|Any CPU
		{C3A008DB-09AD-400D-AFA7-8FAFC0ACCAD3}.AppStore|iPhone.ActiveCfg = Debug|Any CPU
		{C3A008DB-09AD-400D-AFA7-8FAFC0ACCAD3}.AppStore|iPhone.Build.0 = Debug|Any CPU
		{C3A008DB-09AD-400D-AFA7-8FAFC0ACCAD3}.AppStore|iPhoneSimulator.ActiveCfg = Debug|Any CPU
		{C3A008DB-09AD-400D-AFA7-8FAFC0ACCAD3}.AppStore|iPhoneSimulator.Build.0 = Debug|Any CPU
		{C3A008DB-09AD-400D-AFA7-8FAFC0ACCAD3}.AppStore|x64.ActiveCfg = Debug|Any CPU
		{C3A008DB-09AD-400D-AFA7-8FAFC0ACCAD3}.AppStore|x64.Build.0 = Debug|Any CPU
		{C3A008DB-09AD-400D-AFA7-8FAFC0ACCAD3}.AppStore|x86.ActiveCfg = Debug|Any CPU
		{C3A008DB-09AD-400D-AFA7-8FAFC0ACCAD3}.AppStore|x86.Build.0 = Debug|Any CPU
		{C3A008DB-09AD-400D-AFA7-8FAFC0ACCAD3}.Debug|Any CPU.ActiveCfg = Debug|Any CPU
		{C3A008DB-09AD-400D-AFA7-8FAFC0ACCAD3}.Debug|Any CPU.Build.0 = Debug|Any CPU
		{C3A008DB-09AD-400D-AFA7-8FAFC0ACCAD3}.Debug|ARM.ActiveCfg = Debug|Any CPU
		{C3A008DB-09AD-400D-AFA7-8FAFC0ACCAD3}.Debug|ARM.Build.0 = Debug|Any CPU
		{C3A008DB-09AD-400D-AFA7-8FAFC0ACCAD3}.Debug|ARM64.ActiveCfg = Debug|Any CPU
		{C3A008DB-09AD-400D-AFA7-8FAFC0ACCAD3}.Debug|ARM64.Build.0 = Debug|Any CPU
		{C3A008DB-09AD-400D-AFA7-8FAFC0ACCAD3}.Debug|iPhone.ActiveCfg = Debug|Any CPU
		{C3A008DB-09AD-400D-AFA7-8FAFC0ACCAD3}.Debug|iPhone.Build.0 = Debug|Any CPU
		{C3A008DB-09AD-400D-AFA7-8FAFC0ACCAD3}.Debug|iPhoneSimulator.ActiveCfg = Debug|Any CPU
		{C3A008DB-09AD-400D-AFA7-8FAFC0ACCAD3}.Debug|iPhoneSimulator.Build.0 = Debug|Any CPU
		{C3A008DB-09AD-400D-AFA7-8FAFC0ACCAD3}.Debug|x64.ActiveCfg = Debug|Any CPU
		{C3A008DB-09AD-400D-AFA7-8FAFC0ACCAD3}.Debug|x64.Build.0 = Debug|Any CPU
		{C3A008DB-09AD-400D-AFA7-8FAFC0ACCAD3}.Debug|x86.ActiveCfg = Debug|Any CPU
		{C3A008DB-09AD-400D-AFA7-8FAFC0ACCAD3}.Debug|x86.Build.0 = Debug|Any CPU
		{C3A008DB-09AD-400D-AFA7-8FAFC0ACCAD3}.Release|Any CPU.ActiveCfg = Release|Any CPU
		{C3A008DB-09AD-400D-AFA7-8FAFC0ACCAD3}.Release|Any CPU.Build.0 = Release|Any CPU
		{C3A008DB-09AD-400D-AFA7-8FAFC0ACCAD3}.Release|ARM.ActiveCfg = Release|Any CPU
		{C3A008DB-09AD-400D-AFA7-8FAFC0ACCAD3}.Release|ARM.Build.0 = Release|Any CPU
		{C3A008DB-09AD-400D-AFA7-8FAFC0ACCAD3}.Release|ARM64.ActiveCfg = Release|Any CPU
		{C3A008DB-09AD-400D-AFA7-8FAFC0ACCAD3}.Release|ARM64.Build.0 = Release|Any CPU
		{C3A008DB-09AD-400D-AFA7-8FAFC0ACCAD3}.Release|iPhone.ActiveCfg = Release|Any CPU
		{C3A008DB-09AD-400D-AFA7-8FAFC0ACCAD3}.Release|iPhone.Build.0 = Release|Any CPU
		{C3A008DB-09AD-400D-AFA7-8FAFC0ACCAD3}.Release|iPhoneSimulator.ActiveCfg = Release|Any CPU
		{C3A008DB-09AD-400D-AFA7-8FAFC0ACCAD3}.Release|iPhoneSimulator.Build.0 = Release|Any CPU
		{C3A008DB-09AD-400D-AFA7-8FAFC0ACCAD3}.Release|x64.ActiveCfg = Release|Any CPU
		{C3A008DB-09AD-400D-AFA7-8FAFC0ACCAD3}.Release|x64.Build.0 = Release|Any CPU
		{C3A008DB-09AD-400D-AFA7-8FAFC0ACCAD3}.Release|x86.ActiveCfg = Release|Any CPU
		{C3A008DB-09AD-400D-AFA7-8FAFC0ACCAD3}.Release|x86.Build.0 = Release|Any CPU
		{BB3EC10C-450F-4278-BDBB-0C5514B1E39E}.Ad-Hoc|Any CPU.ActiveCfg = Debug|iPhoneSimulator
		{BB3EC10C-450F-4278-BDBB-0C5514B1E39E}.Ad-Hoc|Any CPU.Build.0 = Debug|iPhoneSimulator
		{BB3EC10C-450F-4278-BDBB-0C5514B1E39E}.Ad-Hoc|ARM.ActiveCfg = Debug|iPhoneSimulator
		{BB3EC10C-450F-4278-BDBB-0C5514B1E39E}.Ad-Hoc|ARM.Build.0 = Debug|iPhoneSimulator
		{BB3EC10C-450F-4278-BDBB-0C5514B1E39E}.Ad-Hoc|ARM64.ActiveCfg = Debug|iPhoneSimulator
		{BB3EC10C-450F-4278-BDBB-0C5514B1E39E}.Ad-Hoc|ARM64.Build.0 = Debug|iPhoneSimulator
		{BB3EC10C-450F-4278-BDBB-0C5514B1E39E}.Ad-Hoc|iPhone.ActiveCfg = Debug|iPhoneSimulator
		{BB3EC10C-450F-4278-BDBB-0C5514B1E39E}.Ad-Hoc|iPhone.Build.0 = Debug|iPhoneSimulator
		{BB3EC10C-450F-4278-BDBB-0C5514B1E39E}.Ad-Hoc|iPhoneSimulator.ActiveCfg = Debug|iPhoneSimulator
		{BB3EC10C-450F-4278-BDBB-0C5514B1E39E}.Ad-Hoc|iPhoneSimulator.Build.0 = Debug|iPhoneSimulator
		{BB3EC10C-450F-4278-BDBB-0C5514B1E39E}.Ad-Hoc|x64.ActiveCfg = Debug|iPhoneSimulator
		{BB3EC10C-450F-4278-BDBB-0C5514B1E39E}.Ad-Hoc|x64.Build.0 = Debug|iPhoneSimulator
		{BB3EC10C-450F-4278-BDBB-0C5514B1E39E}.Ad-Hoc|x86.ActiveCfg = Debug|iPhoneSimulator
		{BB3EC10C-450F-4278-BDBB-0C5514B1E39E}.Ad-Hoc|x86.Build.0 = Debug|iPhoneSimulator
		{BB3EC10C-450F-4278-BDBB-0C5514B1E39E}.AppStore|Any CPU.ActiveCfg = Debug|iPhoneSimulator
		{BB3EC10C-450F-4278-BDBB-0C5514B1E39E}.AppStore|Any CPU.Build.0 = Debug|iPhoneSimulator
		{BB3EC10C-450F-4278-BDBB-0C5514B1E39E}.AppStore|ARM.ActiveCfg = Debug|iPhoneSimulator
		{BB3EC10C-450F-4278-BDBB-0C5514B1E39E}.AppStore|ARM.Build.0 = Debug|iPhoneSimulator
		{BB3EC10C-450F-4278-BDBB-0C5514B1E39E}.AppStore|ARM64.ActiveCfg = Debug|iPhoneSimulator
		{BB3EC10C-450F-4278-BDBB-0C5514B1E39E}.AppStore|ARM64.Build.0 = Debug|iPhoneSimulator
		{BB3EC10C-450F-4278-BDBB-0C5514B1E39E}.AppStore|iPhone.ActiveCfg = Debug|iPhoneSimulator
		{BB3EC10C-450F-4278-BDBB-0C5514B1E39E}.AppStore|iPhone.Build.0 = Debug|iPhoneSimulator
		{BB3EC10C-450F-4278-BDBB-0C5514B1E39E}.AppStore|iPhoneSimulator.ActiveCfg = Debug|iPhoneSimulator
		{BB3EC10C-450F-4278-BDBB-0C5514B1E39E}.AppStore|iPhoneSimulator.Build.0 = Debug|iPhoneSimulator
		{BB3EC10C-450F-4278-BDBB-0C5514B1E39E}.AppStore|x64.ActiveCfg = Debug|iPhoneSimulator
		{BB3EC10C-450F-4278-BDBB-0C5514B1E39E}.AppStore|x64.Build.0 = Debug|iPhoneSimulator
		{BB3EC10C-450F-4278-BDBB-0C5514B1E39E}.AppStore|x86.ActiveCfg = Debug|iPhoneSimulator
		{BB3EC10C-450F-4278-BDBB-0C5514B1E39E}.AppStore|x86.Build.0 = Debug|iPhoneSimulator
		{BB3EC10C-450F-4278-BDBB-0C5514B1E39E}.Debug|Any CPU.ActiveCfg = Debug|iPhoneSimulator
		{BB3EC10C-450F-4278-BDBB-0C5514B1E39E}.Debug|Any CPU.Build.0 = Debug|iPhoneSimulator
		{BB3EC10C-450F-4278-BDBB-0C5514B1E39E}.Debug|ARM.ActiveCfg = Debug|iPhoneSimulator
		{BB3EC10C-450F-4278-BDBB-0C5514B1E39E}.Debug|ARM.Build.0 = Debug|iPhoneSimulator
		{BB3EC10C-450F-4278-BDBB-0C5514B1E39E}.Debug|ARM64.ActiveCfg = Debug|iPhoneSimulator
		{BB3EC10C-450F-4278-BDBB-0C5514B1E39E}.Debug|ARM64.Build.0 = Debug|iPhoneSimulator
		{BB3EC10C-450F-4278-BDBB-0C5514B1E39E}.Debug|iPhone.ActiveCfg = Debug|iPhoneSimulator
		{BB3EC10C-450F-4278-BDBB-0C5514B1E39E}.Debug|iPhone.Build.0 = Debug|iPhoneSimulator
		{BB3EC10C-450F-4278-BDBB-0C5514B1E39E}.Debug|iPhoneSimulator.ActiveCfg = Debug|iPhoneSimulator
		{BB3EC10C-450F-4278-BDBB-0C5514B1E39E}.Debug|iPhoneSimulator.Build.0 = Debug|iPhoneSimulator
		{BB3EC10C-450F-4278-BDBB-0C5514B1E39E}.Debug|x64.ActiveCfg = Debug|iPhoneSimulator
		{BB3EC10C-450F-4278-BDBB-0C5514B1E39E}.Debug|x64.Build.0 = Debug|iPhoneSimulator
		{BB3EC10C-450F-4278-BDBB-0C5514B1E39E}.Debug|x86.ActiveCfg = Debug|iPhoneSimulator
		{BB3EC10C-450F-4278-BDBB-0C5514B1E39E}.Debug|x86.Build.0 = Debug|iPhoneSimulator
		{BB3EC10C-450F-4278-BDBB-0C5514B1E39E}.Release|Any CPU.ActiveCfg = Release|iPhoneSimulator
		{BB3EC10C-450F-4278-BDBB-0C5514B1E39E}.Release|Any CPU.Build.0 = Release|iPhoneSimulator
		{BB3EC10C-450F-4278-BDBB-0C5514B1E39E}.Release|ARM.ActiveCfg = Release|iPhoneSimulator
		{BB3EC10C-450F-4278-BDBB-0C5514B1E39E}.Release|ARM.Build.0 = Release|iPhoneSimulator
		{BB3EC10C-450F-4278-BDBB-0C5514B1E39E}.Release|ARM64.ActiveCfg = Release|iPhoneSimulator
		{BB3EC10C-450F-4278-BDBB-0C5514B1E39E}.Release|ARM64.Build.0 = Release|iPhoneSimulator
		{BB3EC10C-450F-4278-BDBB-0C5514B1E39E}.Release|iPhone.ActiveCfg = Release|iPhoneSimulator
		{BB3EC10C-450F-4278-BDBB-0C5514B1E39E}.Release|iPhone.Build.0 = Release|iPhoneSimulator
		{BB3EC10C-450F-4278-BDBB-0C5514B1E39E}.Release|iPhoneSimulator.ActiveCfg = Release|iPhoneSimulator
		{BB3EC10C-450F-4278-BDBB-0C5514B1E39E}.Release|iPhoneSimulator.Build.0 = Release|iPhoneSimulator
		{BB3EC10C-450F-4278-BDBB-0C5514B1E39E}.Release|x64.ActiveCfg = Release|iPhoneSimulator
		{BB3EC10C-450F-4278-BDBB-0C5514B1E39E}.Release|x64.Build.0 = Release|iPhoneSimulator
		{BB3EC10C-450F-4278-BDBB-0C5514B1E39E}.Release|x86.ActiveCfg = Release|iPhoneSimulator
		{BB3EC10C-450F-4278-BDBB-0C5514B1E39E}.Release|x86.Build.0 = Release|iPhoneSimulator
		{1FF493D0-E3FC-487B-85CD-95B8F10D0D3A}.Ad-Hoc|Any CPU.ActiveCfg = Debug|Any CPU
		{1FF493D0-E3FC-487B-85CD-95B8F10D0D3A}.Ad-Hoc|Any CPU.Build.0 = Debug|Any CPU
		{1FF493D0-E3FC-487B-85CD-95B8F10D0D3A}.Ad-Hoc|ARM.ActiveCfg = Debug|Any CPU
		{1FF493D0-E3FC-487B-85CD-95B8F10D0D3A}.Ad-Hoc|ARM.Build.0 = Debug|Any CPU
		{1FF493D0-E3FC-487B-85CD-95B8F10D0D3A}.Ad-Hoc|ARM64.ActiveCfg = Debug|Any CPU
		{1FF493D0-E3FC-487B-85CD-95B8F10D0D3A}.Ad-Hoc|ARM64.Build.0 = Debug|Any CPU
		{1FF493D0-E3FC-487B-85CD-95B8F10D0D3A}.Ad-Hoc|iPhone.ActiveCfg = Debug|Any CPU
		{1FF493D0-E3FC-487B-85CD-95B8F10D0D3A}.Ad-Hoc|iPhone.Build.0 = Debug|Any CPU
		{1FF493D0-E3FC-487B-85CD-95B8F10D0D3A}.Ad-Hoc|iPhoneSimulator.ActiveCfg = Debug|Any CPU
		{1FF493D0-E3FC-487B-85CD-95B8F10D0D3A}.Ad-Hoc|iPhoneSimulator.Build.0 = Debug|Any CPU
		{1FF493D0-E3FC-487B-85CD-95B8F10D0D3A}.Ad-Hoc|x64.ActiveCfg = Debug|Any CPU
		{1FF493D0-E3FC-487B-85CD-95B8F10D0D3A}.Ad-Hoc|x64.Build.0 = Debug|Any CPU
		{1FF493D0-E3FC-487B-85CD-95B8F10D0D3A}.Ad-Hoc|x86.ActiveCfg = Debug|Any CPU
		{1FF493D0-E3FC-487B-85CD-95B8F10D0D3A}.Ad-Hoc|x86.Build.0 = Debug|Any CPU
		{1FF493D0-E3FC-487B-85CD-95B8F10D0D3A}.AppStore|Any CPU.ActiveCfg = Debug|Any CPU
		{1FF493D0-E3FC-487B-85CD-95B8F10D0D3A}.AppStore|Any CPU.Build.0 = Debug|Any CPU
		{1FF493D0-E3FC-487B-85CD-95B8F10D0D3A}.AppStore|ARM.ActiveCfg = Debug|Any CPU
		{1FF493D0-E3FC-487B-85CD-95B8F10D0D3A}.AppStore|ARM.Build.0 = Debug|Any CPU
		{1FF493D0-E3FC-487B-85CD-95B8F10D0D3A}.AppStore|ARM64.ActiveCfg = Debug|Any CPU
		{1FF493D0-E3FC-487B-85CD-95B8F10D0D3A}.AppStore|ARM64.Build.0 = Debug|Any CPU
		{1FF493D0-E3FC-487B-85CD-95B8F10D0D3A}.AppStore|iPhone.ActiveCfg = Debug|Any CPU
		{1FF493D0-E3FC-487B-85CD-95B8F10D0D3A}.AppStore|iPhone.Build.0 = Debug|Any CPU
		{1FF493D0-E3FC-487B-85CD-95B8F10D0D3A}.AppStore|iPhoneSimulator.ActiveCfg = Debug|Any CPU
		{1FF493D0-E3FC-487B-85CD-95B8F10D0D3A}.AppStore|iPhoneSimulator.Build.0 = Debug|Any CPU
		{1FF493D0-E3FC-487B-85CD-95B8F10D0D3A}.AppStore|x64.ActiveCfg = Debug|Any CPU
		{1FF493D0-E3FC-487B-85CD-95B8F10D0D3A}.AppStore|x64.Build.0 = Debug|Any CPU
		{1FF493D0-E3FC-487B-85CD-95B8F10D0D3A}.AppStore|x86.ActiveCfg = Debug|Any CPU
		{1FF493D0-E3FC-487B-85CD-95B8F10D0D3A}.AppStore|x86.Build.0 = Debug|Any CPU
		{1FF493D0-E3FC-487B-85CD-95B8F10D0D3A}.Debug|Any CPU.ActiveCfg = Debug|Any CPU
		{1FF493D0-E3FC-487B-85CD-95B8F10D0D3A}.Debug|Any CPU.Build.0 = Debug|Any CPU
		{1FF493D0-E3FC-487B-85CD-95B8F10D0D3A}.Debug|ARM.ActiveCfg = Debug|Any CPU
		{1FF493D0-E3FC-487B-85CD-95B8F10D0D3A}.Debug|ARM.Build.0 = Debug|Any CPU
		{1FF493D0-E3FC-487B-85CD-95B8F10D0D3A}.Debug|ARM64.ActiveCfg = Debug|Any CPU
		{1FF493D0-E3FC-487B-85CD-95B8F10D0D3A}.Debug|ARM64.Build.0 = Debug|Any CPU
		{1FF493D0-E3FC-487B-85CD-95B8F10D0D3A}.Debug|iPhone.ActiveCfg = Debug|Any CPU
		{1FF493D0-E3FC-487B-85CD-95B8F10D0D3A}.Debug|iPhone.Build.0 = Debug|Any CPU
		{1FF493D0-E3FC-487B-85CD-95B8F10D0D3A}.Debug|iPhoneSimulator.ActiveCfg = Debug|Any CPU
		{1FF493D0-E3FC-487B-85CD-95B8F10D0D3A}.Debug|iPhoneSimulator.Build.0 = Debug|Any CPU
		{1FF493D0-E3FC-487B-85CD-95B8F10D0D3A}.Debug|x64.ActiveCfg = Debug|Any CPU
		{1FF493D0-E3FC-487B-85CD-95B8F10D0D3A}.Debug|x64.Build.0 = Debug|Any CPU
		{1FF493D0-E3FC-487B-85CD-95B8F10D0D3A}.Debug|x86.ActiveCfg = Debug|Any CPU
		{1FF493D0-E3FC-487B-85CD-95B8F10D0D3A}.Debug|x86.Build.0 = Debug|Any CPU
		{1FF493D0-E3FC-487B-85CD-95B8F10D0D3A}.Release|Any CPU.ActiveCfg = Release|Any CPU
		{1FF493D0-E3FC-487B-85CD-95B8F10D0D3A}.Release|Any CPU.Build.0 = Release|Any CPU
		{1FF493D0-E3FC-487B-85CD-95B8F10D0D3A}.Release|ARM.ActiveCfg = Release|Any CPU
		{1FF493D0-E3FC-487B-85CD-95B8F10D0D3A}.Release|ARM.Build.0 = Release|Any CPU
		{1FF493D0-E3FC-487B-85CD-95B8F10D0D3A}.Release|ARM64.ActiveCfg = Release|Any CPU
		{1FF493D0-E3FC-487B-85CD-95B8F10D0D3A}.Release|ARM64.Build.0 = Release|Any CPU
		{1FF493D0-E3FC-487B-85CD-95B8F10D0D3A}.Release|iPhone.ActiveCfg = Release|Any CPU
		{1FF493D0-E3FC-487B-85CD-95B8F10D0D3A}.Release|iPhone.Build.0 = Release|Any CPU
		{1FF493D0-E3FC-487B-85CD-95B8F10D0D3A}.Release|iPhoneSimulator.ActiveCfg = Release|Any CPU
		{1FF493D0-E3FC-487B-85CD-95B8F10D0D3A}.Release|iPhoneSimulator.Build.0 = Release|Any CPU
		{1FF493D0-E3FC-487B-85CD-95B8F10D0D3A}.Release|x64.ActiveCfg = Release|Any CPU
		{1FF493D0-E3FC-487B-85CD-95B8F10D0D3A}.Release|x64.Build.0 = Release|Any CPU
		{1FF493D0-E3FC-487B-85CD-95B8F10D0D3A}.Release|x86.ActiveCfg = Release|Any CPU
		{1FF493D0-E3FC-487B-85CD-95B8F10D0D3A}.Release|x86.Build.0 = Release|Any CPU
		{6CE90B26-D032-4CCD-8C5B-A15636B9DACE}.Ad-Hoc|Any CPU.ActiveCfg = Debug|Any CPU
		{6CE90B26-D032-4CCD-8C5B-A15636B9DACE}.Ad-Hoc|Any CPU.Build.0 = Debug|Any CPU
		{6CE90B26-D032-4CCD-8C5B-A15636B9DACE}.Ad-Hoc|ARM.ActiveCfg = Debug|Any CPU
		{6CE90B26-D032-4CCD-8C5B-A15636B9DACE}.Ad-Hoc|ARM.Build.0 = Debug|Any CPU
		{6CE90B26-D032-4CCD-8C5B-A15636B9DACE}.Ad-Hoc|ARM64.ActiveCfg = Debug|Any CPU
		{6CE90B26-D032-4CCD-8C5B-A15636B9DACE}.Ad-Hoc|ARM64.Build.0 = Debug|Any CPU
		{6CE90B26-D032-4CCD-8C5B-A15636B9DACE}.Ad-Hoc|iPhone.ActiveCfg = Debug|Any CPU
		{6CE90B26-D032-4CCD-8C5B-A15636B9DACE}.Ad-Hoc|iPhone.Build.0 = Debug|Any CPU
		{6CE90B26-D032-4CCD-8C5B-A15636B9DACE}.Ad-Hoc|iPhoneSimulator.ActiveCfg = Debug|Any CPU
		{6CE90B26-D032-4CCD-8C5B-A15636B9DACE}.Ad-Hoc|iPhoneSimulator.Build.0 = Debug|Any CPU
		{6CE90B26-D032-4CCD-8C5B-A15636B9DACE}.Ad-Hoc|x64.ActiveCfg = Debug|Any CPU
		{6CE90B26-D032-4CCD-8C5B-A15636B9DACE}.Ad-Hoc|x64.Build.0 = Debug|Any CPU
		{6CE90B26-D032-4CCD-8C5B-A15636B9DACE}.Ad-Hoc|x86.ActiveCfg = Debug|Any CPU
		{6CE90B26-D032-4CCD-8C5B-A15636B9DACE}.Ad-Hoc|x86.Build.0 = Debug|Any CPU
		{6CE90B26-D032-4CCD-8C5B-A15636B9DACE}.AppStore|Any CPU.ActiveCfg = Debug|Any CPU
		{6CE90B26-D032-4CCD-8C5B-A15636B9DACE}.AppStore|Any CPU.Build.0 = Debug|Any CPU
		{6CE90B26-D032-4CCD-8C5B-A15636B9DACE}.AppStore|ARM.ActiveCfg = Debug|Any CPU
		{6CE90B26-D032-4CCD-8C5B-A15636B9DACE}.AppStore|ARM.Build.0 = Debug|Any CPU
		{6CE90B26-D032-4CCD-8C5B-A15636B9DACE}.AppStore|ARM64.ActiveCfg = Debug|Any CPU
		{6CE90B26-D032-4CCD-8C5B-A15636B9DACE}.AppStore|ARM64.Build.0 = Debug|Any CPU
		{6CE90B26-D032-4CCD-8C5B-A15636B9DACE}.AppStore|iPhone.ActiveCfg = Debug|Any CPU
		{6CE90B26-D032-4CCD-8C5B-A15636B9DACE}.AppStore|iPhone.Build.0 = Debug|Any CPU
		{6CE90B26-D032-4CCD-8C5B-A15636B9DACE}.AppStore|iPhoneSimulator.ActiveCfg = Debug|Any CPU
		{6CE90B26-D032-4CCD-8C5B-A15636B9DACE}.AppStore|iPhoneSimulator.Build.0 = Debug|Any CPU
		{6CE90B26-D032-4CCD-8C5B-A15636B9DACE}.AppStore|x64.ActiveCfg = Debug|Any CPU
		{6CE90B26-D032-4CCD-8C5B-A15636B9DACE}.AppStore|x64.Build.0 = Debug|Any CPU
		{6CE90B26-D032-4CCD-8C5B-A15636B9DACE}.AppStore|x86.ActiveCfg = Debug|Any CPU
		{6CE90B26-D032-4CCD-8C5B-A15636B9DACE}.AppStore|x86.Build.0 = Debug|Any CPU
		{6CE90B26-D032-4CCD-8C5B-A15636B9DACE}.Debug|Any CPU.ActiveCfg = Debug|Any CPU
		{6CE90B26-D032-4CCD-8C5B-A15636B9DACE}.Debug|Any CPU.Build.0 = Debug|Any CPU
		{6CE90B26-D032-4CCD-8C5B-A15636B9DACE}.Debug|ARM.ActiveCfg = Debug|Any CPU
		{6CE90B26-D032-4CCD-8C5B-A15636B9DACE}.Debug|ARM.Build.0 = Debug|Any CPU
		{6CE90B26-D032-4CCD-8C5B-A15636B9DACE}.Debug|ARM64.ActiveCfg = Debug|Any CPU
		{6CE90B26-D032-4CCD-8C5B-A15636B9DACE}.Debug|ARM64.Build.0 = Debug|Any CPU
		{6CE90B26-D032-4CCD-8C5B-A15636B9DACE}.Debug|iPhone.ActiveCfg = Debug|Any CPU
		{6CE90B26-D032-4CCD-8C5B-A15636B9DACE}.Debug|iPhone.Build.0 = Debug|Any CPU
		{6CE90B26-D032-4CCD-8C5B-A15636B9DACE}.Debug|iPhoneSimulator.ActiveCfg = Debug|Any CPU
		{6CE90B26-D032-4CCD-8C5B-A15636B9DACE}.Debug|iPhoneSimulator.Build.0 = Debug|Any CPU
		{6CE90B26-D032-4CCD-8C5B-A15636B9DACE}.Debug|x64.ActiveCfg = Debug|Any CPU
		{6CE90B26-D032-4CCD-8C5B-A15636B9DACE}.Debug|x64.Build.0 = Debug|Any CPU
		{6CE90B26-D032-4CCD-8C5B-A15636B9DACE}.Debug|x86.ActiveCfg = Debug|Any CPU
		{6CE90B26-D032-4CCD-8C5B-A15636B9DACE}.Debug|x86.Build.0 = Debug|Any CPU
		{6CE90B26-D032-4CCD-8C5B-A15636B9DACE}.Release|Any CPU.ActiveCfg = Release|Any CPU
		{6CE90B26-D032-4CCD-8C5B-A15636B9DACE}.Release|Any CPU.Build.0 = Release|Any CPU
		{6CE90B26-D032-4CCD-8C5B-A15636B9DACE}.Release|ARM.ActiveCfg = Release|Any CPU
		{6CE90B26-D032-4CCD-8C5B-A15636B9DACE}.Release|ARM.Build.0 = Release|Any CPU
		{6CE90B26-D032-4CCD-8C5B-A15636B9DACE}.Release|ARM64.ActiveCfg = Release|Any CPU
		{6CE90B26-D032-4CCD-8C5B-A15636B9DACE}.Release|ARM64.Build.0 = Release|Any CPU
		{6CE90B26-D032-4CCD-8C5B-A15636B9DACE}.Release|iPhone.ActiveCfg = Release|Any CPU
		{6CE90B26-D032-4CCD-8C5B-A15636B9DACE}.Release|iPhone.Build.0 = Release|Any CPU
		{6CE90B26-D032-4CCD-8C5B-A15636B9DACE}.Release|iPhoneSimulator.ActiveCfg = Release|Any CPU
		{6CE90B26-D032-4CCD-8C5B-A15636B9DACE}.Release|iPhoneSimulator.Build.0 = Release|Any CPU
		{6CE90B26-D032-4CCD-8C5B-A15636B9DACE}.Release|x64.ActiveCfg = Release|Any CPU
		{6CE90B26-D032-4CCD-8C5B-A15636B9DACE}.Release|x64.Build.0 = Release|Any CPU
		{6CE90B26-D032-4CCD-8C5B-A15636B9DACE}.Release|x86.ActiveCfg = Release|Any CPU
		{6CE90B26-D032-4CCD-8C5B-A15636B9DACE}.Release|x86.Build.0 = Release|Any CPU
		{635D26A4-5E0B-4F56-9429-C146F8F9CFB8}.Ad-Hoc|Any CPU.ActiveCfg = Debug|Any CPU
		{635D26A4-5E0B-4F56-9429-C146F8F9CFB8}.Ad-Hoc|Any CPU.Build.0 = Debug|Any CPU
		{635D26A4-5E0B-4F56-9429-C146F8F9CFB8}.Ad-Hoc|ARM.ActiveCfg = Debug|Any CPU
		{635D26A4-5E0B-4F56-9429-C146F8F9CFB8}.Ad-Hoc|ARM.Build.0 = Debug|Any CPU
		{635D26A4-5E0B-4F56-9429-C146F8F9CFB8}.Ad-Hoc|ARM64.ActiveCfg = Debug|Any CPU
		{635D26A4-5E0B-4F56-9429-C146F8F9CFB8}.Ad-Hoc|ARM64.Build.0 = Debug|Any CPU
		{635D26A4-5E0B-4F56-9429-C146F8F9CFB8}.Ad-Hoc|iPhone.ActiveCfg = Debug|Any CPU
		{635D26A4-5E0B-4F56-9429-C146F8F9CFB8}.Ad-Hoc|iPhone.Build.0 = Debug|Any CPU
		{635D26A4-5E0B-4F56-9429-C146F8F9CFB8}.Ad-Hoc|iPhoneSimulator.ActiveCfg = Debug|Any CPU
		{635D26A4-5E0B-4F56-9429-C146F8F9CFB8}.Ad-Hoc|iPhoneSimulator.Build.0 = Debug|Any CPU
		{635D26A4-5E0B-4F56-9429-C146F8F9CFB8}.Ad-Hoc|x64.ActiveCfg = Debug|Any CPU
		{635D26A4-5E0B-4F56-9429-C146F8F9CFB8}.Ad-Hoc|x64.Build.0 = Debug|Any CPU
		{635D26A4-5E0B-4F56-9429-C146F8F9CFB8}.Ad-Hoc|x86.ActiveCfg = Debug|Any CPU
		{635D26A4-5E0B-4F56-9429-C146F8F9CFB8}.Ad-Hoc|x86.Build.0 = Debug|Any CPU
		{635D26A4-5E0B-4F56-9429-C146F8F9CFB8}.AppStore|Any CPU.ActiveCfg = Debug|Any CPU
		{635D26A4-5E0B-4F56-9429-C146F8F9CFB8}.AppStore|Any CPU.Build.0 = Debug|Any CPU
		{635D26A4-5E0B-4F56-9429-C146F8F9CFB8}.AppStore|ARM.ActiveCfg = Debug|Any CPU
		{635D26A4-5E0B-4F56-9429-C146F8F9CFB8}.AppStore|ARM.Build.0 = Debug|Any CPU
		{635D26A4-5E0B-4F56-9429-C146F8F9CFB8}.AppStore|ARM64.ActiveCfg = Debug|Any CPU
		{635D26A4-5E0B-4F56-9429-C146F8F9CFB8}.AppStore|ARM64.Build.0 = Debug|Any CPU
		{635D26A4-5E0B-4F56-9429-C146F8F9CFB8}.AppStore|iPhone.ActiveCfg = Debug|Any CPU
		{635D26A4-5E0B-4F56-9429-C146F8F9CFB8}.AppStore|iPhone.Build.0 = Debug|Any CPU
		{635D26A4-5E0B-4F56-9429-C146F8F9CFB8}.AppStore|iPhoneSimulator.ActiveCfg = Debug|Any CPU
		{635D26A4-5E0B-4F56-9429-C146F8F9CFB8}.AppStore|iPhoneSimulator.Build.0 = Debug|Any CPU
		{635D26A4-5E0B-4F56-9429-C146F8F9CFB8}.AppStore|x64.ActiveCfg = Debug|Any CPU
		{635D26A4-5E0B-4F56-9429-C146F8F9CFB8}.AppStore|x64.Build.0 = Debug|Any CPU
		{635D26A4-5E0B-4F56-9429-C146F8F9CFB8}.AppStore|x86.ActiveCfg = Debug|Any CPU
		{635D26A4-5E0B-4F56-9429-C146F8F9CFB8}.AppStore|x86.Build.0 = Debug|Any CPU
		{635D26A4-5E0B-4F56-9429-C146F8F9CFB8}.Debug|Any CPU.ActiveCfg = Debug|Any CPU
		{635D26A4-5E0B-4F56-9429-C146F8F9CFB8}.Debug|Any CPU.Build.0 = Debug|Any CPU
		{635D26A4-5E0B-4F56-9429-C146F8F9CFB8}.Debug|ARM.ActiveCfg = Debug|Any CPU
		{635D26A4-5E0B-4F56-9429-C146F8F9CFB8}.Debug|ARM.Build.0 = Debug|Any CPU
		{635D26A4-5E0B-4F56-9429-C146F8F9CFB8}.Debug|ARM64.ActiveCfg = Debug|Any CPU
		{635D26A4-5E0B-4F56-9429-C146F8F9CFB8}.Debug|ARM64.Build.0 = Debug|Any CPU
		{635D26A4-5E0B-4F56-9429-C146F8F9CFB8}.Debug|iPhone.ActiveCfg = Debug|Any CPU
		{635D26A4-5E0B-4F56-9429-C146F8F9CFB8}.Debug|iPhone.Build.0 = Debug|Any CPU
		{635D26A4-5E0B-4F56-9429-C146F8F9CFB8}.Debug|iPhoneSimulator.ActiveCfg = Debug|Any CPU
		{635D26A4-5E0B-4F56-9429-C146F8F9CFB8}.Debug|iPhoneSimulator.Build.0 = Debug|Any CPU
		{635D26A4-5E0B-4F56-9429-C146F8F9CFB8}.Debug|x64.ActiveCfg = Debug|Any CPU
		{635D26A4-5E0B-4F56-9429-C146F8F9CFB8}.Debug|x64.Build.0 = Debug|Any CPU
		{635D26A4-5E0B-4F56-9429-C146F8F9CFB8}.Debug|x86.ActiveCfg = Debug|Any CPU
		{635D26A4-5E0B-4F56-9429-C146F8F9CFB8}.Debug|x86.Build.0 = Debug|Any CPU
		{635D26A4-5E0B-4F56-9429-C146F8F9CFB8}.Release|Any CPU.ActiveCfg = Release|Any CPU
		{635D26A4-5E0B-4F56-9429-C146F8F9CFB8}.Release|Any CPU.Build.0 = Release|Any CPU
		{635D26A4-5E0B-4F56-9429-C146F8F9CFB8}.Release|ARM.ActiveCfg = Release|Any CPU
		{635D26A4-5E0B-4F56-9429-C146F8F9CFB8}.Release|ARM.Build.0 = Release|Any CPU
		{635D26A4-5E0B-4F56-9429-C146F8F9CFB8}.Release|ARM64.ActiveCfg = Release|Any CPU
		{635D26A4-5E0B-4F56-9429-C146F8F9CFB8}.Release|ARM64.Build.0 = Release|Any CPU
		{635D26A4-5E0B-4F56-9429-C146F8F9CFB8}.Release|iPhone.ActiveCfg = Release|Any CPU
		{635D26A4-5E0B-4F56-9429-C146F8F9CFB8}.Release|iPhone.Build.0 = Release|Any CPU
		{635D26A4-5E0B-4F56-9429-C146F8F9CFB8}.Release|iPhoneSimulator.ActiveCfg = Release|Any CPU
		{635D26A4-5E0B-4F56-9429-C146F8F9CFB8}.Release|iPhoneSimulator.Build.0 = Release|Any CPU
		{635D26A4-5E0B-4F56-9429-C146F8F9CFB8}.Release|x64.ActiveCfg = Release|Any CPU
		{635D26A4-5E0B-4F56-9429-C146F8F9CFB8}.Release|x64.Build.0 = Release|Any CPU
		{635D26A4-5E0B-4F56-9429-C146F8F9CFB8}.Release|x86.ActiveCfg = Release|Any CPU
		{635D26A4-5E0B-4F56-9429-C146F8F9CFB8}.Release|x86.Build.0 = Release|Any CPU
		{88FADB73-5346-48B7-BCE5-08854D0F085F}.Ad-Hoc|Any CPU.ActiveCfg = Debug|Any CPU
		{88FADB73-5346-48B7-BCE5-08854D0F085F}.Ad-Hoc|Any CPU.Build.0 = Debug|Any CPU
		{88FADB73-5346-48B7-BCE5-08854D0F085F}.Ad-Hoc|ARM.ActiveCfg = Debug|Any CPU
		{88FADB73-5346-48B7-BCE5-08854D0F085F}.Ad-Hoc|ARM.Build.0 = Debug|Any CPU
		{88FADB73-5346-48B7-BCE5-08854D0F085F}.Ad-Hoc|ARM64.ActiveCfg = Debug|Any CPU
		{88FADB73-5346-48B7-BCE5-08854D0F085F}.Ad-Hoc|ARM64.Build.0 = Debug|Any CPU
		{88FADB73-5346-48B7-BCE5-08854D0F085F}.Ad-Hoc|iPhone.ActiveCfg = Debug|Any CPU
		{88FADB73-5346-48B7-BCE5-08854D0F085F}.Ad-Hoc|iPhone.Build.0 = Debug|Any CPU
		{88FADB73-5346-48B7-BCE5-08854D0F085F}.Ad-Hoc|iPhoneSimulator.ActiveCfg = Debug|Any CPU
		{88FADB73-5346-48B7-BCE5-08854D0F085F}.Ad-Hoc|iPhoneSimulator.Build.0 = Debug|Any CPU
		{88FADB73-5346-48B7-BCE5-08854D0F085F}.Ad-Hoc|x64.ActiveCfg = Debug|Any CPU
		{88FADB73-5346-48B7-BCE5-08854D0F085F}.Ad-Hoc|x64.Build.0 = Debug|Any CPU
		{88FADB73-5346-48B7-BCE5-08854D0F085F}.Ad-Hoc|x86.ActiveCfg = Debug|Any CPU
		{88FADB73-5346-48B7-BCE5-08854D0F085F}.Ad-Hoc|x86.Build.0 = Debug|Any CPU
		{88FADB73-5346-48B7-BCE5-08854D0F085F}.AppStore|Any CPU.ActiveCfg = Debug|Any CPU
		{88FADB73-5346-48B7-BCE5-08854D0F085F}.AppStore|Any CPU.Build.0 = Debug|Any CPU
		{88FADB73-5346-48B7-BCE5-08854D0F085F}.AppStore|ARM.ActiveCfg = Debug|Any CPU
		{88FADB73-5346-48B7-BCE5-08854D0F085F}.AppStore|ARM.Build.0 = Debug|Any CPU
		{88FADB73-5346-48B7-BCE5-08854D0F085F}.AppStore|ARM64.ActiveCfg = Debug|Any CPU
		{88FADB73-5346-48B7-BCE5-08854D0F085F}.AppStore|ARM64.Build.0 = Debug|Any CPU
		{88FADB73-5346-48B7-BCE5-08854D0F085F}.AppStore|iPhone.ActiveCfg = Debug|Any CPU
		{88FADB73-5346-48B7-BCE5-08854D0F085F}.AppStore|iPhone.Build.0 = Debug|Any CPU
		{88FADB73-5346-48B7-BCE5-08854D0F085F}.AppStore|iPhoneSimulator.ActiveCfg = Debug|Any CPU
		{88FADB73-5346-48B7-BCE5-08854D0F085F}.AppStore|iPhoneSimulator.Build.0 = Debug|Any CPU
		{88FADB73-5346-48B7-BCE5-08854D0F085F}.AppStore|x64.ActiveCfg = Debug|Any CPU
		{88FADB73-5346-48B7-BCE5-08854D0F085F}.AppStore|x64.Build.0 = Debug|Any CPU
		{88FADB73-5346-48B7-BCE5-08854D0F085F}.AppStore|x86.ActiveCfg = Debug|Any CPU
		{88FADB73-5346-48B7-BCE5-08854D0F085F}.AppStore|x86.Build.0 = Debug|Any CPU
		{88FADB73-5346-48B7-BCE5-08854D0F085F}.Debug|Any CPU.ActiveCfg = Debug|Any CPU
		{88FADB73-5346-48B7-BCE5-08854D0F085F}.Debug|Any CPU.Build.0 = Debug|Any CPU
		{88FADB73-5346-48B7-BCE5-08854D0F085F}.Debug|ARM.ActiveCfg = Debug|Any CPU
		{88FADB73-5346-48B7-BCE5-08854D0F085F}.Debug|ARM.Build.0 = Debug|Any CPU
		{88FADB73-5346-48B7-BCE5-08854D0F085F}.Debug|ARM64.ActiveCfg = Debug|Any CPU
		{88FADB73-5346-48B7-BCE5-08854D0F085F}.Debug|ARM64.Build.0 = Debug|Any CPU
		{88FADB73-5346-48B7-BCE5-08854D0F085F}.Debug|iPhone.ActiveCfg = Debug|Any CPU
		{88FADB73-5346-48B7-BCE5-08854D0F085F}.Debug|iPhone.Build.0 = Debug|Any CPU
		{88FADB73-5346-48B7-BCE5-08854D0F085F}.Debug|iPhoneSimulator.ActiveCfg = Debug|Any CPU
		{88FADB73-5346-48B7-BCE5-08854D0F085F}.Debug|iPhoneSimulator.Build.0 = Debug|Any CPU
		{88FADB73-5346-48B7-BCE5-08854D0F085F}.Debug|x64.ActiveCfg = Debug|Any CPU
		{88FADB73-5346-48B7-BCE5-08854D0F085F}.Debug|x64.Build.0 = Debug|Any CPU
		{88FADB73-5346-48B7-BCE5-08854D0F085F}.Debug|x86.ActiveCfg = Debug|Any CPU
		{88FADB73-5346-48B7-BCE5-08854D0F085F}.Debug|x86.Build.0 = Debug|Any CPU
		{88FADB73-5346-48B7-BCE5-08854D0F085F}.Release|Any CPU.ActiveCfg = Release|Any CPU
		{88FADB73-5346-48B7-BCE5-08854D0F085F}.Release|Any CPU.Build.0 = Release|Any CPU
		{88FADB73-5346-48B7-BCE5-08854D0F085F}.Release|ARM.ActiveCfg = Release|Any CPU
		{88FADB73-5346-48B7-BCE5-08854D0F085F}.Release|ARM.Build.0 = Release|Any CPU
		{88FADB73-5346-48B7-BCE5-08854D0F085F}.Release|ARM64.ActiveCfg = Release|Any CPU
		{88FADB73-5346-48B7-BCE5-08854D0F085F}.Release|ARM64.Build.0 = Release|Any CPU
		{88FADB73-5346-48B7-BCE5-08854D0F085F}.Release|iPhone.ActiveCfg = Release|Any CPU
		{88FADB73-5346-48B7-BCE5-08854D0F085F}.Release|iPhone.Build.0 = Release|Any CPU
		{88FADB73-5346-48B7-BCE5-08854D0F085F}.Release|iPhoneSimulator.ActiveCfg = Release|Any CPU
		{88FADB73-5346-48B7-BCE5-08854D0F085F}.Release|iPhoneSimulator.Build.0 = Release|Any CPU
		{88FADB73-5346-48B7-BCE5-08854D0F085F}.Release|x64.ActiveCfg = Release|Any CPU
		{88FADB73-5346-48B7-BCE5-08854D0F085F}.Release|x64.Build.0 = Release|Any CPU
		{88FADB73-5346-48B7-BCE5-08854D0F085F}.Release|x86.ActiveCfg = Release|Any CPU
		{88FADB73-5346-48B7-BCE5-08854D0F085F}.Release|x86.Build.0 = Release|Any CPU
	EndGlobalSection
	GlobalSection(SolutionProperties) = preSolution
		HideSolutionNode = FALSE
	EndGlobalSection
	GlobalSection(NestedProjects) = preSolution
		{FD137B29-C804-49F6-A5B6-AC4534F02008} = {48D5BACA-4464-4160-9536-F6798D7A8254}
		{C0C8F639-BB9C-4659-B833-EABD8092D146} = {48D5BACA-4464-4160-9536-F6798D7A8254}
		{E4F05340-906D-4D70-AF75-25BF1E00CAA7} = {48D5BACA-4464-4160-9536-F6798D7A8254}
		{C3A008DB-09AD-400D-AFA7-8FAFC0ACCAD3} = {48D5BACA-4464-4160-9536-F6798D7A8254}
		{BB3EC10C-450F-4278-BDBB-0C5514B1E39E} = {48D5BACA-4464-4160-9536-F6798D7A8254}
		{1FF493D0-E3FC-487B-85CD-95B8F10D0D3A} = {48D5BACA-4464-4160-9536-F6798D7A8254}
		{6CE90B26-D032-4CCD-8C5B-A15636B9DACE} = {48D5BACA-4464-4160-9536-F6798D7A8254}
		{635D26A4-5E0B-4F56-9429-C146F8F9CFB8} = {48D5BACA-4464-4160-9536-F6798D7A8254}
		{88FADB73-5346-48B7-BCE5-08854D0F085F} = {48D5BACA-4464-4160-9536-F6798D7A8254}
	EndGlobalSection
	GlobalSection(ExtensibilityGlobals) = postSolution
		SolutionGuid = {E3BC51EA-F734-477B-9B49-4A1D72D0425F}
	EndGlobalSection
	GlobalSection(SharedMSBuildProjectFiles) = preSolution
		MyUnoPlatformApp\MyUnoPlatformApp.Shared\MyUnoPlatformApp.Shared.projitems*{6279c845-92f8-4333-ab99-3d213163593c}*SharedItemsImports = 13
		MyUnoPlatformApp\MyUnoPlatformApp.Shared\MyUnoPlatformApp.Shared.projitems*{635d26a4-5e0b-4f56-9429-c146f8f9cfb8}*SharedItemsImports = 5
		MyUnoPlatformApp\MyUnoPlatformApp.Shared\MyUnoPlatformApp.Shared.projitems*{6ce90b26-d032-4ccd-8c5b-a15636b9dace}*SharedItemsImports = 5
		MyUnoPlatformApp\MyUnoPlatformApp.Shared\MyUnoPlatformApp.Shared.projitems*{88fadb73-5346-48b7-bce5-08854d0f085f}*SharedItemsImports = 5
		MyUnoPlatformApp\MyUnoPlatformApp.Shared\MyUnoPlatformApp.Shared.projitems*{bb3ec10c-450f-4278-bdbb-0c5514b1e39e}*SharedItemsImports = 4
		MyUnoPlatformApp\MyUnoPlatformApp.Shared\MyUnoPlatformApp.Shared.projitems*{c0c8f639-bb9c-4659-b833-eabd8092d146}*SharedItemsImports = 4
		MyUnoPlatformApp\MyUnoPlatformApp.Shared\MyUnoPlatformApp.Shared.projitems*{c3a008db-09ad-400d-afa7-8fafc0accad3}*SharedItemsImports = 5
		MyUnoPlatformApp\MyUnoPlatformApp.Shared\MyUnoPlatformApp.Shared.projitems*{e4f05340-906d-4d70-af75-25bf1e00caa7}*SharedItemsImports = 4
		MyUnoPlatformApp\MyUnoPlatformApp.Shared\MyUnoPlatformApp.Shared.projitems*{fd137b29-c804-49f6-a5b6-ac4534f02008}*SharedItemsImports = 4
	EndGlobalSection
EndGlobal
